// !$*UTF8*$!
{
	archiveVersion = 1;
	classes = {
	};
	objectVersion = 46;
	objects = {

/* Begin PBXBuildFile section */
		27E51F591D746C1400B0E35A /* AppDelegate.swift in Sources */ = {isa = PBXBuildFile; fileRef = 27E51F581D746C1400B0E35A /* AppDelegate.swift */; };
		27E51F5B1D746C1400B0E35A /* ViewController.swift in Sources */ = {isa = PBXBuildFile; fileRef = 27E51F5A1D746C1400B0E35A /* ViewController.swift */; };
		27E51F5E1D746C1400B0E35A /* Main.storyboard in Resources */ = {isa = PBXBuildFile; fileRef = 27E51F5C1D746C1400B0E35A /* Main.storyboard */; };
		27E51F601D746C1400B0E35A /* Assets.xcassets in Resources */ = {isa = PBXBuildFile; fileRef = 27E51F5F1D746C1400B0E35A /* Assets.xcassets */; };
		27E51F631D746C1400B0E35A /* LaunchScreen.storyboard in Resources */ = {isa = PBXBuildFile; fileRef = 27E51F611D746C1400B0E35A /* LaunchScreen.storyboard */; };
		27E51F6E1D746C1500B0E35A /* Week_2_Homework___CarouselTests.swift in Sources */ = {isa = PBXBuildFile; fileRef = 27E51F6D1D746C1500B0E35A /* Week_2_Homework___CarouselTests.swift */; };
		27E51F791D746C1500B0E35A /* Week_2_Homework___CarouselUITests.swift in Sources */ = {isa = PBXBuildFile; fileRef = 27E51F781D746C1500B0E35A /* Week_2_Homework___CarouselUITests.swift */; };
/* End PBXBuildFile section */

/* Begin PBXContainerItemProxy section */
		27E51F6A1D746C1500B0E35A /* PBXContainerItemProxy */ = {
			isa = PBXContainerItemProxy;
			containerPortal = 27E51F4D1D746C1400B0E35A /* Project object */;
			proxyType = 1;
			remoteGlobalIDString = 27E51F541D746C1400B0E35A;
			remoteInfo = "Week 2 Homework - Carousel";
		};
		27E51F751D746C1500B0E35A /* PBXContainerItemProxy */ = {
			isa = PBXContainerItemProxy;
			containerPortal = 27E51F4D1D746C1400B0E35A /* Project object */;
			proxyType = 1;
			remoteGlobalIDString = 27E51F541D746C1400B0E35A;
			remoteInfo = "Week 2 Homework - Carousel";
		};
/* End PBXContainerItemProxy section */

/* Begin PBXFileReference section */
		27E51F551D746C1400B0E35A /* Week 2 Homework - Carousel.app */ = {isa = PBXFileReference; explicitFileType = wrapper.application; includeInIndex = 0; path = "Week 2 Homework - Carousel.app"; sourceTree = BUILT_PRODUCTS_DIR; };
		27E51F581D746C1400B0E35A /* AppDelegate.swift */ = {isa = PBXFileReference; lastKnownFileType = sourcecode.swift; path = AppDelegate.swift; sourceTree = "<group>"; };
		27E51F5A1D746C1400B0E35A /* ViewController.swift */ = {isa = PBXFileReference; lastKnownFileType = sourcecode.swift; path = ViewController.swift; sourceTree = "<group>"; };
		27E51F5D1D746C1400B0E35A /* Base */ = {isa = PBXFileReference; lastKnownFileType = file.storyboard; name = Base; path = Base.lproj/Main.storyboard; sourceTree = "<group>"; };
		27E51F5F1D746C1400B0E35A /* Assets.xcassets */ = {isa = PBXFileReference; lastKnownFileType = folder.assetcatalog; path = Assets.xcassets; sourceTree = "<group>"; };
		27E51F621D746C1400B0E35A /* Base */ = {isa = PBXFileReference; lastKnownFileType = file.storyboard; name = Base; path = Base.lproj/LaunchScreen.storyboard; sourceTree = "<group>"; };
		27E51F641D746C1400B0E35A /* Info.plist */ = {isa = PBXFileReference; lastKnownFileType = text.plist.xml; path = Info.plist; sourceTree = "<group>"; };
		27E51F691D746C1500B0E35A /* Week 2 Homework - CarouselTests.xctest */ = {isa = PBXFileReference; explicitFileType = wrapper.cfbundle; includeInIndex = 0; path = "Week 2 Homework - CarouselTests.xctest"; sourceTree = BUILT_PRODUCTS_DIR; };
		27E51F6D1D746C1500B0E35A /* Week_2_Homework___CarouselTests.swift */ = {isa = PBXFileReference; lastKnownFileType = sourcecode.swift; path = "Week_2_Homework___CarouselTests.swift"; sourceTree = "<group>"; };
		27E51F6F1D746C1500B0E35A /* Info.plist */ = {isa = PBXFileReference; lastKnownFileType = text.plist.xml; path = Info.plist; sourceTree = "<group>"; };
		27E51F741D746C1500B0E35A /* Week 2 Homework - CarouselUITests.xctest */ = {isa = PBXFileReference; explicitFileType = wrapper.cfbundle; includeInIndex = 0; path = "Week 2 Homework - CarouselUITests.xctest"; sourceTree = BUILT_PRODUCTS_DIR; };
		27E51F781D746C1500B0E35A /* Week_2_Homework___CarouselUITests.swift */ = {isa = PBXFileReference; lastKnownFileType = sourcecode.swift; path = "Week_2_Homework___CarouselUITests.swift"; sourceTree = "<group>"; };
		27E51F7A1D746C1500B0E35A /* Info.plist */ = {isa = PBXFileReference; lastKnownFileType = text.plist.xml; path = Info.plist; sourceTree = "<group>"; };
/* End PBXFileReference section */

/* Begin PBXFrameworksBuildPhase section */
		27E51F521D746C1400B0E35A /* Frameworks */ = {
			isa = PBXFrameworksBuildPhase;
			buildActionMask = 2147483647;
			files = (
			);
			runOnlyForDeploymentPostprocessing = 0;
		};
		27E51F661D746C1500B0E35A /* Frameworks */ = {
			isa = PBXFrameworksBuildPhase;
			buildActionMask = 2147483647;
			files = (
			);
			runOnlyForDeploymentPostprocessing = 0;
		};
		27E51F711D746C1500B0E35A /* Frameworks */ = {
			isa = PBXFrameworksBuildPhase;
			buildActionMask = 2147483647;
			files = (
			);
			runOnlyForDeploymentPostprocessing = 0;
		};
/* End PBXFrameworksBuildPhase section */

/* Begin PBXGroup section */
		27E51F4C1D746C1400B0E35A = {
			isa = PBXGroup;
			children = (
				27E51F571D746C1400B0E35A /* Week 2 Homework - Carousel */,
				27E51F6C1D746C1500B0E35A /* Week 2 Homework - CarouselTests */,
				27E51F771D746C1500B0E35A /* Week 2 Homework - CarouselUITests */,
				27E51F561D746C1400B0E35A /* Products */,
			);
			sourceTree = "<group>";
		};
		27E51F561D746C1400B0E35A /* Products */ = {
			isa = PBXGroup;
			children = (
				27E51F551D746C1400B0E35A /* Week 2 Homework - Carousel.app */,
				27E51F691D746C1500B0E35A /* Week 2 Homework - CarouselTests.xctest */,
				27E51F741D746C1500B0E35A /* Week 2 Homework - CarouselUITests.xctest */,
			);
			name = Products;
			sourceTree = "<group>";
		};
		27E51F571D746C1400B0E35A /* Week 2 Homework - Carousel */ = {
			isa = PBXGroup;
			children = (
				27E51F581D746C1400B0E35A /* AppDelegate.swift */,
				27E51F5A1D746C1400B0E35A /* ViewController.swift */,
				27E51F5C1D746C1400B0E35A /* Main.storyboard */,
				27E51F5F1D746C1400B0E35A /* Assets.xcassets */,
				27E51F611D746C1400B0E35A /* LaunchScreen.storyboard */,
				27E51F641D746C1400B0E35A /* Info.plist */,
			);
			path = "Week 2 Homework - Carousel";
			sourceTree = "<group>";
		};
		27E51F6C1D746C1500B0E35A /* Week 2 Homework - CarouselTests */ = {
			isa = PBXGroup;
			children = (
				27E51F6D1D746C1500B0E35A /* Week_2_Homework___CarouselTests.swift */,
				27E51F6F1D746C1500B0E35A /* Info.plist */,
			);
			path = "Week 2 Homework - CarouselTests";
			sourceTree = "<group>";
		};
		27E51F771D746C1500B0E35A /* Week 2 Homework - CarouselUITests */ = {
			isa = PBXGroup;
			children = (
				27E51F781D746C1500B0E35A /* Week_2_Homework___CarouselUITests.swift */,
				27E51F7A1D746C1500B0E35A /* Info.plist */,
			);
			path = "Week 2 Homework - CarouselUITests";
			sourceTree = "<group>";
		};
/* End PBXGroup section */

/* Begin PBXNativeTarget section */
		27E51F541D746C1400B0E35A /* Week 2 Homework - Carousel */ = {
			isa = PBXNativeTarget;
			buildConfigurationList = 27E51F7D1D746C1500B0E35A /* Build configuration list for PBXNativeTarget "Week 2 Homework - Carousel" */;
			buildPhases = (
				27E51F511D746C1400B0E35A /* Sources */,
				27E51F521D746C1400B0E35A /* Frameworks */,
				27E51F531D746C1400B0E35A /* Resources */,
			);
			buildRules = (
			);
			dependencies = (
			);
			name = "Week 2 Homework - Carousel";
			productName = "Week 2 Homework - Carousel";
			productReference = 27E51F551D746C1400B0E35A /* Week 2 Homework - Carousel.app */;
			productType = "com.apple.product-type.application";
		};
		27E51F681D746C1500B0E35A /* Week 2 Homework - CarouselTests */ = {
			isa = PBXNativeTarget;
			buildConfigurationList = 27E51F801D746C1500B0E35A /* Build configuration list for PBXNativeTarget "Week 2 Homework - CarouselTests" */;
			buildPhases = (
				27E51F651D746C1500B0E35A /* Sources */,
				27E51F661D746C1500B0E35A /* Frameworks */,
				27E51F671D746C1500B0E35A /* Resources */,
			);
			buildRules = (
			);
			dependencies = (
				27E51F6B1D746C1500B0E35A /* PBXTargetDependency */,
			);
			name = "Week 2 Homework - CarouselTests";
			productName = "Week 2 Homework - CarouselTests";
			productReference = 27E51F691D746C1500B0E35A /* Week 2 Homework - CarouselTests.xctest */;
			productType = "com.apple.product-type.bundle.unit-test";
		};
		27E51F731D746C1500B0E35A /* Week 2 Homework - CarouselUITests */ = {
			isa = PBXNativeTarget;
			buildConfigurationList = 27E51F831D746C1500B0E35A /* Build configuration list for PBXNativeTarget "Week 2 Homework - CarouselUITests" */;
			buildPhases = (
				27E51F701D746C1500B0E35A /* Sources */,
				27E51F711D746C1500B0E35A /* Frameworks */,
				27E51F721D746C1500B0E35A /* Resources */,
			);
			buildRules = (
			);
			dependencies = (
				27E51F761D746C1500B0E35A /* PBXTargetDependency */,
			);
			name = "Week 2 Homework - CarouselUITests";
			productName = "Week 2 Homework - CarouselUITests";
			productReference = 27E51F741D746C1500B0E35A /* Week 2 Homework - CarouselUITests.xctest */;
			productType = "com.apple.product-type.bundle.ui-testing";
		};
/* End PBXNativeTarget section */

/* Begin PBXProject section */
		27E51F4D1D746C1400B0E35A /* Project object */ = {
			isa = PBXProject;
			attributes = {
				LastSwiftUpdateCheck = 0730;
				LastUpgradeCheck = 0730;
				ORGANIZATIONNAME = "Dani Camous";
				TargetAttributes = {
					27E51F541D746C1400B0E35A = {
						CreatedOnToolsVersion = 7.3.1;
					};
					27E51F681D746C1500B0E35A = {
						CreatedOnToolsVersion = 7.3.1;
						TestTargetID = 27E51F541D746C1400B0E35A;
					};
					27E51F731D746C1500B0E35A = {
						CreatedOnToolsVersion = 7.3.1;
						TestTargetID = 27E51F541D746C1400B0E35A;
					};
				};
			};
			buildConfigurationList = 27E51F501D746C1400B0E35A /* Build configuration list for PBXProject "Week 2 Homework - Carousel" */;
			compatibilityVersion = "Xcode 3.2";
			developmentRegion = English;
			hasScannedForEncodings = 0;
			knownRegions = (
				en,
				Base,
			);
			mainGroup = 27E51F4C1D746C1400B0E35A;
			productRefGroup = 27E51F561D746C1400B0E35A /* Products */;
			projectDirPath = "";
			projectRoot = "";
			targets = (
				27E51F541D746C1400B0E35A /* Week 2 Homework - Carousel */,
				27E51F681D746C1500B0E35A /* Week 2 Homework - CarouselTests */,
				27E51F731D746C1500B0E35A /* Week 2 Homework - CarouselUITests */,
			);
		};
/* End PBXProject section */

/* Begin PBXResourcesBuildPhase section */
		27E51F531D746C1400B0E35A /* Resources */ = {
			isa = PBXResourcesBuildPhase;
			buildActionMask = 2147483647;
			files = (
				27E51F631D746C1400B0E35A /* LaunchScreen.storyboard in Resources */,
				27E51F601D746C1400B0E35A /* Assets.xcassets in Resources */,
				27E51F5E1D746C1400B0E35A /* Main.storyboard in Resources */,
			);
			runOnlyForDeploymentPostprocessing = 0;
		};
		27E51F671D746C1500B0E35A /* Resources */ = {
			isa = PBXResourcesBuildPhase;
			buildActionMask = 2147483647;
			files = (
			);
			runOnlyForDeploymentPostprocessing = 0;
		};
		27E51F721D746C1500B0E35A /* Resources */ = {
			isa = PBXResourcesBuildPhase;
			buildActionMask = 2147483647;
			files = (
			);
			runOnlyForDeploymentPostprocessing = 0;
		};
/* End PBXResourcesBuildPhase section */

/* Begin PBXSourcesBuildPhase section */
		27E51F511D746C1400B0E35A /* Sources */ = {
			isa = PBXSourcesBuildPhase;
			buildActionMask = 2147483647;
			files = (
				27E51F5B1D746C1400B0E35A /* ViewController.swift in Sources */,
				27E51F591D746C1400B0E35A /* AppDelegate.swift in Sources */,
			);
			runOnlyForDeploymentPostprocessing = 0;
		};
		27E51F651D746C1500B0E35A /* Sources */ = {
			isa = PBXSourcesBuildPhase;
			buildActionMask = 2147483647;
			files = (
				27E51F6E1D746C1500B0E35A /* Week_2_Homework___CarouselTests.swift in Sources */,
			);
			runOnlyForDeploymentPostprocessing = 0;
		};
		27E51F701D746C1500B0E35A /* Sources */ = {
			isa = PBXSourcesBuildPhase;
			buildActionMask = 2147483647;
			files = (
				27E51F791D746C1500B0E35A /* Week_2_Homework___CarouselUITests.swift in Sources */,
			);
			runOnlyForDeploymentPostprocessing = 0;
		};
/* End PBXSourcesBuildPhase section */

/* Begin PBXTargetDependency section */
		27E51F6B1D746C1500B0E35A /* PBXTargetDependency */ = {
			isa = PBXTargetDependency;
			target = 27E51F541D746C1400B0E35A /* Week 2 Homework - Carousel */;
			targetProxy = 27E51F6A1D746C1500B0E35A /* PBXContainerItemProxy */;
		};
		27E51F761D746C1500B0E35A /* PBXTargetDependency */ = {
			isa = PBXTargetDependency;
			target = 27E51F541D746C1400B0E35A /* Week 2 Homework - Carousel */;
			targetProxy = 27E51F751D746C1500B0E35A /* PBXContainerItemProxy */;
		};
/* End PBXTargetDependency section */

/* Begin PBXVariantGroup section */
		27E51F5C1D746C1400B0E35A /* Main.storyboard */ = {
			isa = PBXVariantGroup;
			children = (
				27E51F5D1D746C1400B0E35A /* Base */,
			);
			name = Main.storyboard;
			sourceTree = "<group>";
		};
		27E51F611D746C1400B0E35A /* LaunchScreen.storyboard */ = {
			isa = PBXVariantGroup;
			children = (
				27E51F621D746C1400B0E35A /* Base */,
			);
			name = LaunchScreen.storyboard;
			sourceTree = "<group>";
		};
/* End PBXVariantGroup section */

/* Begin XCBuildConfiguration section */
		27E51F7B1D746C1500B0E35A /* Debug */ = {
			isa = XCBuildConfiguration;
			buildSettings = {
				ALWAYS_SEARCH_USER_PATHS = NO;
				CLANG_ANALYZER_NONNULL = YES;
				CLANG_CXX_LANGUAGE_STANDARD = "gnu++0x";
				CLANG_CXX_LIBRARY = "libc++";
				CLANG_ENABLE_MODULES = YES;
				CLANG_ENABLE_OBJC_ARC = YES;
				CLANG_WARN_BOOL_CONVERSION = YES;
				CLANG_WARN_CONSTANT_CONVERSION = YES;
				CLANG_WARN_DIRECT_OBJC_ISA_USAGE = YES_ERROR;
				CLANG_WARN_EMPTY_BODY = YES;
				CLANG_WARN_ENUM_CONVERSION = YES;
				CLANG_WARN_INT_CONVERSION = YES;
				CLANG_WARN_OBJC_ROOT_CLASS = YES_ERROR;
				CLANG_WARN_UNREACHABLE_CODE = YES;
				CLANG_WARN__DUPLICATE_METHOD_MATCH = YES;
				"CODE_SIGN_IDENTITY[sdk=iphoneos*]" = "iPhone Developer";
				COPY_PHASE_STRIP = NO;
				DEBUG_INFORMATION_FORMAT = dwarf;
				ENABLE_STRICT_OBJC_MSGSEND = YES;
				ENABLE_TESTABILITY = YES;
				GCC_C_LANGUAGE_STANDARD = gnu99;
				GCC_DYNAMIC_NO_PIC = NO;
				GCC_NO_COMMON_BLOCKS = YES;
				GCC_OPTIMIZATION_LEVEL = 0;
				GCC_PREPROCESSOR_DEFINITIONS = (
					"DEBUG=1",
					"$(inherited)",
				);
				GCC_WARN_64_TO_32_BIT_CONVERSION = YES;
				GCC_WARN_ABOUT_RETURN_TYPE = YES_ERROR;
				GCC_WARN_UNDECLARED_SELECTOR = YES;
				GCC_WARN_UNINITIALIZED_AUTOS = YES_AGGRESSIVE;
				GCC_WARN_UNUSED_FUNCTION = YES;
				GCC_WARN_UNUSED_VARIABLE = YES;
				IPHONEOS_DEPLOYMENT_TARGET = 9.3;
				MTL_ENABLE_DEBUG_INFO = YES;
				ONLY_ACTIVE_ARCH = YES;
				SDKROOT = iphoneos;
				SWIFT_OPTIMIZATION_LEVEL = "-Onone";
			};
			name = Debug;
		};
		27E51F7C1D746C1500B0E35A /* Release */ = {
			isa = XCBuildConfiguration;
			buildSettings = {
				ALWAYS_SEARCH_USER_PATHS = NO;
				CLANG_ANALYZER_NONNULL = YES;
				CLANG_CXX_LANGUAGE_STANDARD = "gnu++0x";
				CLANG_CXX_LIBRARY = "libc++";
				CLANG_ENABLE_MODULES = YES;
				CLANG_ENABLE_OBJC_ARC = YES;
				CLANG_WARN_BOOL_CONVERSION = YES;
				CLANG_WARN_CONSTANT_CONVERSION = YES;
				CLANG_WARN_DIRECT_OBJC_ISA_USAGE = YES_ERROR;
				CLANG_WARN_EMPTY_BODY = YES;
				CLANG_WARN_ENUM_CONVERSION = YES;
				CLANG_WARN_INT_CONVERSION = YES;
				CLANG_WARN_OBJC_ROOT_CLASS = YES_ERROR;
				CLANG_WARN_UNREACHABLE_CODE = YES;
				CLANG_WARN__DUPLICATE_METHOD_MATCH = YES;
				"CODE_SIGN_IDENTITY[sdk=iphoneos*]" = "iPhone Developer";
				COPY_PHASE_STRIP = NO;
				DEBUG_INFORMATION_FORMAT = "dwarf-with-dsym";
				ENABLE_NS_ASSERTIONS = NO;
				ENABLE_STRICT_OBJC_MSGSEND = YES;
				GCC_C_LANGUAGE_STANDARD = gnu99;
				GCC_NO_COMMON_BLOCKS = YES;
				GCC_WARN_64_TO_32_BIT_CONVERSION = YES;
				GCC_WARN_ABOUT_RETURN_TYPE = YES_ERROR;
				GCC_WARN_UNDECLARED_SELECTOR = YES;
				GCC_WARN_UNINITIALIZED_AUTOS = YES_AGGRESSIVE;
				GCC_WARN_UNUSED_FUNCTION = YES;
				GCC_WARN_UNUSED_VARIABLE = YES;
				IPHONEOS_DEPLOYMENT_TARGET = 9.3;
				MTL_ENABLE_DEBUG_INFO = NO;
				SDKROOT = iphoneos;
				VALIDATE_PRODUCT = YES;
			};
			name = Release;
		};
		27E51F7E1D746C1500B0E35A /* Debug */ = {
			isa = XCBuildConfiguration;
			buildSettings = {
				ASSETCATALOG_COMPILER_APPICON_NAME = AppIcon;
				INFOPLIST_FILE = "Week 2 Homework - Carousel/Info.plist";
				LD_RUNPATH_SEARCH_PATHS = "$(inherited) @executable_path/Frameworks";
				PRODUCT_BUNDLE_IDENTIFIER = "com.codepath.Week-2-Homework---Carousel";
				PRODUCT_NAME = "$(TARGET_NAME)";
			};
			name = Debug;
		};
		27E51F7F1D746C1500B0E35A /* Release */ = {
			isa = XCBuildConfiguration;
			buildSettings = {
				ASSETCATALOG_COMPILER_APPICON_NAME = AppIcon;
				INFOPLIST_FILE = "Week 2 Homework - Carousel/Info.plist";
				LD_RUNPATH_SEARCH_PATHS = "$(inherited) @executable_path/Frameworks";
				PRODUCT_BUNDLE_IDENTIFIER = "com.codepath.Week-2-Homework---Carousel";
				PRODUCT_NAME = "$(TARGET_NAME)";
			};
			name = Release;
		};
		27E51F811D746C1500B0E35A /* Debug */ = {
			isa = XCBuildConfiguration;
			buildSettings = {
				BUNDLE_LOADER = "$(TEST_HOST)";
				INFOPLIST_FILE = "Week 2 Homework - CarouselTests/Info.plist";
				LD_RUNPATH_SEARCH_PATHS = "$(inherited) @executable_path/Frameworks @loader_path/Frameworks";
				PRODUCT_BUNDLE_IDENTIFIER = "com.codepath.Week-2-Homework---CarouselTests";
				PRODUCT_NAME = "$(TARGET_NAME)";
				TEST_HOST = "$(BUILT_PRODUCTS_DIR)/Week 2 Homework - Carousel.app/Week 2 Homework - Carousel";
			};
			name = Debug;
		};
		27E51F821D746C1500B0E35A /* Release */ = {
			isa = XCBuildConfiguration;
			buildSettings = {
				BUNDLE_LOADER = "$(TEST_HOST)";
				INFOPLIST_FILE = "Week 2 Homework - CarouselTests/Info.plist";
				LD_RUNPATH_SEARCH_PATHS = "$(inherited) @executable_path/Frameworks @loader_path/Frameworks";
				PRODUCT_BUNDLE_IDENTIFIER = "com.codepath.Week-2-Homework---CarouselTests";
				PRODUCT_NAME = "$(TARGET_NAME)";
				TEST_HOST = "$(BUILT_PRODUCTS_DIR)/Week 2 Homework - Carousel.app/Week 2 Homework - Carousel";
			};
			name = Release;
		};
		27E51F841D746C1500B0E35A /* Debug */ = {
			isa = XCBuildConfiguration;
			buildSettings = {
				INFOPLIST_FILE = "Week 2 Homework - CarouselUITests/Info.plist";
				LD_RUNPATH_SEARCH_PATHS = "$(inherited) @executable_path/Frameworks @loader_path/Frameworks";
				PRODUCT_BUNDLE_IDENTIFIER = "com.codepath.Week-2-Homework---CarouselUITests";
				PRODUCT_NAME = "$(TARGET_NAME)";
				TEST_TARGET_NAME = "Week 2 Homework - Carousel";
			};
			name = Debug;
		};
		27E51F851D746C1500B0E35A /* Release */ = {
			isa = XCBuildConfiguration;
			buildSettings = {
				INFOPLIST_FILE = "Week 2 Homework - CarouselUITests/Info.plist";
				LD_RUNPATH_SEARCH_PATHS = "$(inherited) @executable_path/Frameworks @loader_path/Frameworks";
				PRODUCT_BUNDLE_IDENTIFIER = "com.codepath.Week-2-Homework---CarouselUITests";
				PRODUCT_NAME = "$(TARGET_NAME)";
				TEST_TARGET_NAME = "Week 2 Homework - Carousel";
			};
			name = Release;
		};
/* End XCBuildConfiguration section */

/* Begin XCConfigurationList section */
		27E51F501D746C1400B0E35A /* Build configuration list for PBXProject "Week 2 Homework - Carousel" */ = {
			isa = XCConfigurationList;
			buildConfigurations = (
				27E51F7B1D746C1500B0E35A /* Debug */,
				27E51F7C1D746C1500B0E35A /* Release */,
			);
			defaultConfigurationIsVisible = 0;
			defaultConfigurationName = Release;
		};
		27E51F7D1D746C1500B0E35A /* Build configuration list for PBXNativeTarget "Week 2 Homework - Carousel" */ = {
			isa = XCConfigurationList;
			buildConfigurations = (
				27E51F7E1D746C1500B0E35A /* Debug */,
				27E51F7F1D746C1500B0E35A /* Release */,
			);
			defaultConfigurationIsVisible = 0;
		};
		27E51F801D746C1500B0E35A /* Build configuration list for PBXNativeTarget "Week 2 Homework - CarouselTests" */ = {
			isa = XCConfigurationList;
			buildConfigurations = (
				27E51F811D746C1500B0E35A /* Debug */,
				27E51F821D746C1500B0E35A /* Release */,
			);
			defaultConfigurationIsVisible = 0;
		};
		27E51F831D746C1500B0E35A /* Build configuration list for PBXNativeTarget "Week 2 Homework - CarouselUITests" */ = {
			isa = XCConfigurationList;
			buildConfigurations = (
				27E51F841D746C1500B0E35A /* Debug */,
				27E51F851D746C1500B0E35A /* Release */,
			);
			defaultConfigurationIsVisible = 0;
		};
/* End XCConfigurationList section */
	};
	rootObject = 27E51F4D1D746C1400B0E35A /* Project object */;
}
